// !$*UTF8*$!
{
	archiveVersion = 1;
	classes = {
	};
	objectVersion = 50;
	objects = {

/* Begin PBXBuildFile section */
		3462FE1C25F7EF0300C774FE /* AA1_MasterMindApp.swift in Sources */ = {isa = PBXBuildFile; fileRef = 3462FE1B25F7EF0300C774FE /* AA1_MasterMindApp.swift */; };
		3462FE1E25F7EF0300C774FE /* ContentView.swift in Sources */ = {isa = PBXBuildFile; fileRef = 3462FE1D25F7EF0300C774FE /* ContentView.swift */; };
		3462FE2025F7EF0500C774FE /* Assets.xcassets in Resources */ = {isa = PBXBuildFile; fileRef = 3462FE1F25F7EF0500C774FE /* Assets.xcassets */; };
		3462FE2325F7EF0500C774FE /* Preview Assets.xcassets in Resources */ = {isa = PBXBuildFile; fileRef = 3462FE2225F7EF0500C774FE /* Preview Assets.xcassets */; };
		3462FE2C25F7EF4F00C774FE /* ViewModel.swift in Sources */ = {isa = PBXBuildFile; fileRef = 3462FE2B25F7EF4F00C774FE /* ViewModel.swift */; };
		3471044725F80058001DC908 /* RowView.swift in Sources */ = {isa = PBXBuildFile; fileRef = 3471044625F80058001DC908 /* RowView.swift */; };
		34A151F725F950CC00AB0EC2 /* RowModel.swift in Sources */ = {isa = PBXBuildFile; fileRef = 34A151F625F950CC00AB0EC2 /* RowModel.swift */; };
		34A151FD25F953C400AB0EC2 /* ResponseView.swift in Sources */ = {isa = PBXBuildFile; fileRef = 34A151FC25F953C400AB0EC2 /* ResponseView.swift */; };
		34A1520025F955C700AB0EC2 /* ResponseModel.swift in Sources */ = {isa = PBXBuildFile; fileRef = 34A151FF25F955C700AB0EC2 /* ResponseModel.swift */; };
/* End PBXBuildFile section */

/* Begin PBXFileReference section */
		3462FE1825F7EF0300C774FE /* AA1_MasterMind.app */ = {isa = PBXFileReference; explicitFileType = wrapper.application; includeInIndex = 0; path = AA1_MasterMind.app; sourceTree = BUILT_PRODUCTS_DIR; };
		3462FE1B25F7EF0300C774FE /* AA1_MasterMindApp.swift */ = {isa = PBXFileReference; lastKnownFileType = sourcecode.swift; path = AA1_MasterMindApp.swift; sourceTree = "<group>"; };
		3462FE1D25F7EF0300C774FE /* ContentView.swift */ = {isa = PBXFileReference; lastKnownFileType = sourcecode.swift; path = ContentView.swift; sourceTree = "<group>"; };
		3462FE1F25F7EF0500C774FE /* Assets.xcassets */ = {isa = PBXFileReference; lastKnownFileType = folder.assetcatalog; path = Assets.xcassets; sourceTree = "<group>"; };
		3462FE2225F7EF0500C774FE /* Preview Assets.xcassets */ = {isa = PBXFileReference; lastKnownFileType = folder.assetcatalog; path = "Preview Assets.xcassets"; sourceTree = "<group>"; };
		3462FE2425F7EF0500C774FE /* Info.plist */ = {isa = PBXFileReference; lastKnownFileType = text.plist.xml; path = Info.plist; sourceTree = "<group>"; };
		3462FE2B25F7EF4F00C774FE /* ViewModel.swift */ = {isa = PBXFileReference; lastKnownFileType = sourcecode.swift; path = ViewModel.swift; sourceTree = "<group>"; };
		3471044625F80058001DC908 /* RowView.swift */ = {isa = PBXFileReference; lastKnownFileType = sourcecode.swift; path = RowView.swift; sourceTree = "<group>"; };
		34A151F625F950CC00AB0EC2 /* RowModel.swift */ = {isa = PBXFileReference; lastKnownFileType = sourcecode.swift; path = RowModel.swift; sourceTree = "<group>"; };
		34A151FC25F953C400AB0EC2 /* ResponseView.swift */ = {isa = PBXFileReference; lastKnownFileType = sourcecode.swift; path = ResponseView.swift; sourceTree = "<group>"; };
		34A151FF25F955C700AB0EC2 /* ResponseModel.swift */ = {isa = PBXFileReference; lastKnownFileType = sourcecode.swift; path = ResponseModel.swift; sourceTree = "<group>"; };
/* End PBXFileReference section */

/* Begin PBXFrameworksBuildPhase section */
		3462FE1525F7EF0300C774FE /* Frameworks */ = {
			isa = PBXFrameworksBuildPhase;
			buildActionMask = 2147483647;
			files = (
			);
			runOnlyForDeploymentPostprocessing = 0;
		};
/* End PBXFrameworksBuildPhase section */

/* Begin PBXGroup section */
		3462FE0F25F7EF0300C774FE = {
			isa = PBXGroup;
			children = (
				3462FE1A25F7EF0300C774FE /* AA1_MasterMind */,
				3462FE1925F7EF0300C774FE /* Products */,
			);
			sourceTree = "<group>";
		};
		3462FE1925F7EF0300C774FE /* Products */ = {
			isa = PBXGroup;
			children = (
				3462FE1825F7EF0300C774FE /* AA1_MasterMind.app */,
			);
			name = Products;
			sourceTree = "<group>";
		};
		3462FE1A25F7EF0300C774FE /* AA1_MasterMind */ = {
			isa = PBXGroup;
			children = (
				34A1520425F98E8D00AB0EC2 /* ViewModel */,
				3471044925F8005E001DC908 /* Views */,
				3462FE2E25F7EF6F00C774FE /* Models */,
				3462FE1B25F7EF0300C774FE /* AA1_MasterMindApp.swift */,
				3462FE1F25F7EF0500C774FE /* Assets.xcassets */,
				3462FE2425F7EF0500C774FE /* Info.plist */,
				3462FE2125F7EF0500C774FE /* Preview Content */,
			);
			path = AA1_MasterMind;
			sourceTree = "<group>";
		};
		3462FE2125F7EF0500C774FE /* Preview Content */ = {
			isa = PBXGroup;
			children = (
				3462FE2225F7EF0500C774FE /* Preview Assets.xcassets */,
			);
			path = "Preview Content";
			sourceTree = "<group>";
		};
		3462FE2E25F7EF6F00C774FE /* Models */ = {
			isa = PBXGroup;
			children = (
				34A151F625F950CC00AB0EC2 /* RowModel.swift */,
				34A151FF25F955C700AB0EC2 /* ResponseModel.swift */,
			);
			path = Models;
			sourceTree = "<group>";
		};
		3471044925F8005E001DC908 /* Views */ = {
			isa = PBXGroup;
			children = (
				3471044625F80058001DC908 /* RowView.swift */,
				3462FE1D25F7EF0300C774FE /* ContentView.swift */,
				34A151FC25F953C400AB0EC2 /* ResponseView.swift */,
			);
			path = Views;
			sourceTree = "<group>";
		};
		34A1520425F98E8D00AB0EC2 /* ViewModel */ = {
			isa = PBXGroup;
			children = (
				3462FE2B25F7EF4F00C774FE /* ViewModel.swift */,
			);
			path = ViewModel;
			sourceTree = "<group>";
		};
/* End PBXGroup section */

/* Begin PBXNativeTarget section */
		3462FE1725F7EF0300C774FE /* AA1_MasterMind */ = {
			isa = PBXNativeTarget;
			buildConfigurationList = 3462FE2725F7EF0500C774FE /* Build configuration list for PBXNativeTarget "AA1_MasterMind" */;
			buildPhases = (
				3462FE1425F7EF0300C774FE /* Sources */,
				3462FE1525F7EF0300C774FE /* Frameworks */,
				3462FE1625F7EF0300C774FE /* Resources */,
			);
			buildRules = (
			);
			dependencies = (
			);
			name = AA1_MasterMind;
			productName = AA1_MasterMind;
			productReference = 3462FE1825F7EF0300C774FE /* AA1_MasterMind.app */;
			productType = "com.apple.product-type.application";
		};
/* End PBXNativeTarget section */

/* Begin PBXProject section */
		3462FE1025F7EF0300C774FE /* Project object */ = {
			isa = PBXProject;
			attributes = {
				LastSwiftUpdateCheck = 1240;
				LastUpgradeCheck = 1240;
				TargetAttributes = {
					3462FE1725F7EF0300C774FE = {
						CreatedOnToolsVersion = 12.4;
					};
				};
			};
			buildConfigurationList = 3462FE1325F7EF0300C774FE /* Build configuration list for PBXProject "AA1_MasterMind" */;
			compatibilityVersion = "Xcode 9.3";
			developmentRegion = en;
			hasScannedForEncodings = 0;
			knownRegions = (
				en,
				Base,
			);
			mainGroup = 3462FE0F25F7EF0300C774FE;
			productRefGroup = 3462FE1925F7EF0300C774FE /* Products */;
			projectDirPath = "";
			projectRoot = "";
			targets = (
				3462FE1725F7EF0300C774FE /* AA1_MasterMind */,
			);
		};
/* End PBXProject section */

/* Begin PBXResourcesBuildPhase section */
		3462FE1625F7EF0300C774FE /* Resources */ = {
			isa = PBXResourcesBuildPhase;
			buildActionMask = 2147483647;
			files = (
				3462FE2325F7EF0500C774FE /* Preview Assets.xcassets in Resources */,
				3462FE2025F7EF0500C774FE /* Assets.xcassets in Resources */,
			);
			runOnlyForDeploymentPostprocessing = 0;
		};
/* End PBXResourcesBuildPhase section */

/* Begin PBXSourcesBuildPhase section */
		3462FE1425F7EF0300C774FE /* Sources */ = {
			isa = PBXSourcesBuildPhase;
			buildActionMask = 2147483647;
			files = (
				3462FE1E25F7EF0300C774FE /* ContentView.swift in Sources */,
				34A151FD25F953C400AB0EC2 /* ResponseView.swift in Sources */,
				3462FE2C25F7EF4F00C774FE /* ViewModel.swift in Sources */,
				3462FE1C25F7EF0300C774FE /* AA1_MasterMindApp.swift in Sources */,
				34A151F725F950CC00AB0EC2 /* RowModel.swift in Sources */,
				34A1520025F955C700AB0EC2 /* ResponseModel.swift in Sources */,
				3471044725F80058001DC908 /* RowView.swift in Sources */,
			);
			runOnlyForDeploymentPostprocessing = 0;
		};
/* End PBXSourcesBuildPhase section */

/* Begin XCBuildConfiguration section */
		3462FE2525F7EF0500C774FE /* Debug */ = {
			isa = XCBuildConfiguration;
			buildSettings = {
				ALWAYS_SEARCH_USER_PATHS = NO;
				CLANG_ANALYZER_NONNULL = YES;
				CLANG_ANALYZER_NUMBER_OBJECT_CONVERSION = YES_AGGRESSIVE;
				CLANG_CXX_LANGUAGE_STANDARD = "gnu++14";
				CLANG_CXX_LIBRARY = "libc++";
				CLANG_ENABLE_MODULES = YES;
				CLANG_ENABLE_OBJC_ARC = YES;
				CLANG_ENABLE_OBJC_WEAK = YES;
				CLANG_WARN_BLOCK_CAPTURE_AUTORELEASING = YES;
				CLANG_WARN_BOOL_CONVERSION = YES;
				CLANG_WARN_COMMA = YES;
				CLANG_WARN_CONSTANT_CONVERSION = YES;
				CLANG_WARN_DEPRECATED_OBJC_IMPLEMENTATIONS = YES;
				CLANG_WARN_DIRECT_OBJC_ISA_USAGE = YES_ERROR;
				CLANG_WARN_DOCUMENTATION_COMMENTS = YES;
				CLANG_WARN_EMPTY_BODY = YES;
				CLANG_WARN_ENUM_CONVERSION = YES;
				CLANG_WARN_INFINITE_RECURSION = YES;
				CLANG_WARN_INT_CONVERSION = YES;
				CLANG_WARN_NON_LITERAL_NULL_CONVERSION = YES;
				CLANG_WARN_OBJC_IMPLICIT_RETAIN_SELF = YES;
				CLANG_WARN_OBJC_LITERAL_CONVERSION = YES;
				CLANG_WARN_OBJC_ROOT_CLASS = YES_ERROR;
				CLANG_WARN_QUOTED_INCLUDE_IN_FRAMEWORK_HEADER = YES;
				CLANG_WARN_RANGE_LOOP_ANALYSIS = YES;
				CLANG_WARN_STRICT_PROTOTYPES = YES;
				CLANG_WARN_SUSPICIOUS_MOVE = YES;
				CLANG_WARN_UNGUARDED_AVAILABILITY = YES_AGGRESSIVE;
				CLANG_WARN_UNREACHABLE_CODE = YES;
				CLANG_WARN__DUPLICATE_METHOD_MATCH = YES;
				COPY_PHASE_STRIP = NO;
				DEBUG_INFORMATION_FORMAT = dwarf;
				ENABLE_STRICT_OBJC_MSGSEND = YES;
				ENABLE_TESTABILITY = YES;
				GCC_C_LANGUAGE_STANDARD = gnu11;
				GCC_DYNAMIC_NO_PIC = NO;
				GCC_NO_COMMON_BLOCKS = YES;
				GCC_OPTIMIZATION_LEVEL = 0;
				GCC_PREPROCESSOR_DEFINITIONS = (
					"DEBUG=1",
					"$(inherited)",
				);
				GCC_WARN_64_TO_32_BIT_CONVERSION = YES;
				GCC_WARN_ABOUT_RETURN_TYPE = YES_ERROR;
				GCC_WARN_UNDECLARED_SELECTOR = YES;
				GCC_WARN_UNINITIALIZED_AUTOS = YES_AGGRESSIVE;
				GCC_WARN_UNUSED_FUNCTION = YES;
				GCC_WARN_UNUSED_VARIABLE = YES;
				IPHONEOS_DEPLOYMENT_TARGET = 14.4;
				MTL_ENABLE_DEBUG_INFO = INCLUDE_SOURCE;
				MTL_FAST_MATH = YES;
				ONLY_ACTIVE_ARCH = YES;
				SDKROOT = iphoneos;
				SWIFT_ACTIVE_COMPILATION_CONDITIONS = DEBUG;
				SWIFT_OPTIMIZATION_LEVEL = "-Onone";
			};
			name = Debug;
		};
		3462FE2625F7EF0500C774FE /* Release */ = {
			isa = XCBuildConfiguration;
			buildSettings = {
				ALWAYS_SEARCH_USER_PATHS = NO;
				CLANG_ANALYZER_NONNULL = YES;
				CLANG_ANALYZER_NUMBER_OBJECT_CONVERSION = YES_AGGRESSIVE;
				CLANG_CXX_LANGUAGE_STANDARD = "gnu++14";
				CLANG_CXX_LIBRARY = "libc++";
				CLANG_ENABLE_MODULES = YES;
				CLANG_ENABLE_OBJC_ARC = YES;
				CLANG_ENABLE_OBJC_WEAK = YES;
				CLANG_WARN_BLOCK_CAPTURE_AUTORELEASING = YES;
				CLANG_WARN_BOOL_CONVERSION = YES;
				CLANG_WARN_COMMA = YES;
				CLANG_WARN_CONSTANT_CONVERSION = YES;
				CLANG_WARN_DEPRECATED_OBJC_IMPLEMENTATIONS = YES;
				CLANG_WARN_DIRECT_OBJC_ISA_USAGE = YES_ERROR;
				CLANG_WARN_DOCUMENTATION_COMMENTS = YES;
				CLANG_WARN_EMPTY_BODY = YES;
				CLANG_WARN_ENUM_CONVERSION = YES;
				CLANG_WARN_INFINITE_RECURSION = YES;
				CLANG_WARN_INT_CONVERSION = YES;
				CLANG_WARN_NON_LITERAL_NULL_CONVERSION = YES;
				CLANG_WARN_OBJC_IMPLICIT_RETAIN_SELF = YES;
				CLANG_WARN_OBJC_LITERAL_CONVERSION = YES;
				CLANG_WARN_OBJC_ROOT_CLASS = YES_ERROR;
				CLANG_WARN_QUOTED_INCLUDE_IN_FRAMEWORK_HEADER = YES;
				CLANG_WARN_RANGE_LOOP_ANALYSIS = YES;
				CLANG_WARN_STRICT_PROTOTYPES = YES;
				CLANG_WARN_SUSPICIOUS_MOVE = YES;
				CLANG_WARN_UNGUARDED_AVAILABILITY = YES_AGGRESSIVE;
				CLANG_WARN_UNREACHABLE_CODE = YES;
				CLANG_WARN__DUPLICATE_METHOD_MATCH = YES;
				COPY_PHASE_STRIP = NO;
				DEBUG_INFORMATION_FORMAT = "dwarf-with-dsym";
				ENABLE_NS_ASSERTIONS = NO;
				ENABLE_STRICT_OBJC_MSGSEND = YES;
				GCC_C_LANGUAGE_STANDARD = gnu11;
				GCC_NO_COMMON_BLOCKS = YES;
				GCC_WARN_64_TO_32_BIT_CONVERSION = YES;
				GCC_WARN_ABOUT_RETURN_TYPE = YES_ERROR;
				GCC_WARN_UNDECLARED_SELECTOR = YES;
				GCC_WARN_UNINITIALIZED_AUTOS = YES_AGGRESSIVE;
				GCC_WARN_UNUSED_FUNCTION = YES;
				GCC_WARN_UNUSED_VARIABLE = YES;
				IPHONEOS_DEPLOYMENT_TARGET = 14.4;
				MTL_ENABLE_DEBUG_INFO = NO;
				MTL_FAST_MATH = YES;
				SDKROOT = iphoneos;
				SWIFT_COMPILATION_MODE = wholemodule;
				SWIFT_OPTIMIZATION_LEVEL = "-O";
				VALIDATE_PRODUCT = YES;
			};
			name = Release;
		};
		3462FE2825F7EF0500C774FE /* Debug */ = {
			isa = XCBuildConfiguration;
			buildSettings = {
				ASSETCATALOG_COMPILER_APPICON_NAME = AppIcon;
				ASSETCATALOG_COMPILER_GLOBAL_ACCENT_COLOR_NAME = AccentColor;
				CODE_SIGN_STYLE = Manual;
				DEVELOPMENT_ASSET_PATHS = "\"AA1_MasterMind/Preview Content\"";
				DEVELOPMENT_TEAM = "";
				ENABLE_PREVIEWS = YES;
				INFOPLIST_FILE = AA1_MasterMind/Info.plist;
				IPHONEOS_DEPLOYMENT_TARGET = 14.0;
				LD_RUNPATH_SEARCH_PATHS = (
					"$(inherited)",
					"@executable_path/Frameworks",
				);
				PRODUCT_BUNDLE_IDENTIFIER = "com.fini.AA1-MasterMind";
				PRODUCT_NAME = "$(TARGET_NAME)";
				PROVISIONING_PROFILE_SPECIFIER = "";
				SWIFT_VERSION = 5.0;
				TARGETED_DEVICE_FAMILY = "1,2";
			};
			name = Debug;
		};
		3462FE2925F7EF0500C774FE /* Release */ = {
			isa = XCBuildConfiguration;
			buildSettings = {
				ASSETCATALOG_COMPILER_APPICON_NAME = AppIcon;
				ASSETCATALOG_COMPILER_GLOBAL_ACCENT_COLOR_NAME = AccentColor;
				CODE_SIGN_STYLE = Manual;
				DEVELOPMENT_ASSET_PATHS = "\"AA1_MasterMind/Preview Content\"";
				DEVELOPMENT_TEAM = "";
				ENABLE_PREVIEWS = YES;
				INFOPLIST_FILE = AA1_MasterMind/Info.plist;
				IPHONEOS_DEPLOYMENT_TARGET = 14.0;
				LD_RUNPATH_SEARCH_PATHS = (
					"$(inherited)",
					"@executable_path/Frameworks",
				);
				PRODUCT_BUNDLE_IDENTIFIER = "com.fini.AA1-MasterMind";
				PRODUCT_NAME = "$(TARGET_NAME)";
				PROVISIONING_PROFILE_SPECIFIER = "";
				SWIFT_VERSION = 5.0;
				TARGETED_DEVICE_FAMILY = "1,2";
			};
			name = Release;
		};
/* End XCBuildConfiguration section */

/* Begin XCConfigurationList section */
		3462FE1325F7EF0300C774FE /* Build configuration list for PBXProject "AA1_MasterMind" */ = {
			isa = XCConfigurationList;
			buildConfigurations = (
				3462FE2525F7EF0500C774FE /* Debug */,
				3462FE2625F7EF0500C774FE /* Release */,
			);
			defaultConfigurationIsVisible = 0;
			defaultConfigurationName = Release;
		};
		3462FE2725F7EF0500C774FE /* Build configuration list for PBXNativeTarget "AA1_MasterMind" */ = {
			isa = XCConfigurationList;
			buildConfigurations = (
				3462FE2825F7EF0500C774FE /* Debug */,
				3462FE2925F7EF0500C774FE /* Release */,
			);
			defaultConfigurationIsVisible = 0;
			defaultConfigurationName = Release;
		};
/* End XCConfigurationList section */
	};
	rootObject = 3462FE1025F7EF0300C774FE /* Project object */;
}
